
Microsoft Visual Studio Solution File, Format Version 12.00
# Visual Studio Version 17
VisualStudioVersion = 17.3.32825.248
MinimumVisualStudioVersion = 10.0.40219.1
Project("{FAE04EC0-301F-11D3-BF4B-00C04F79EFBC}") = "ANBFarma", "ANBFarma.csproj", "{E41D6BDF-328A-4F6F-B2B3-199E6FA5C46F}"
EndProject
Global
	GlobalSection(SolutionConfigurationPlatforms) = preSolution
		Debug|Any CPU = Debug|Any CPU
		Release|Any CPU = Release|Any CPU
	EndGlobalSection
	GlobalSection(ProjectConfigurationPlatforms) = postSolution
		{E41D6BDF-328A-4F6F-B2B3-199E6FA5C46F}.Debug|Any CPU.ActiveCfg = Debug|Any CPU
		{E41D6BDF-328A-4F6F-B2B3-199E6FA5C46F}.Debug|Any CPU.Build.0 = Debug|Any CPU
		{E41D6BDF-328A-4F6F-B2B3-199E6FA5C46F}.Release|Any CPU.ActiveCfg = Release|Any CPU
		{E41D6BDF-328A-4F6F-B2B3-199E6FA5C46F}.Release|Any CPU.Build.0 = Release|Any CPU
	EndGlobalSection
	GlobalSection(SolutionProperties) = preSolution
		HideSolutionNode = FALSE
	EndGlobalSection
	GlobalSection(ExtensibilityGlobals) = postSolution
		SolutionGuid = {6AF50C19-3D3C-4C6F-ADE0-1E86D3D9A1F8}
	EndGlobalSection
EndGlobal
